
Microsoft Visual Studio Solution File, Format Version 12.00
# Visual Studio Version 17
VisualStudioVersion = 17.7.34202.233
MinimumVisualStudioVersion = 10.0.40219.1
Project("{9A19103F-16F7-4668-BE54-9A1E7A4F7556}") = "PinJuke", "src\PinJuke\PinJuke.csproj", "{377FBAC6-2F9B-4DFD-AAF0-36F6320AD2C1}"
	ProjectSection(ProjectDependencies) = postProject
		{C8A7EF63-6B67-4EB4-B365-7FB6C14241EC} = {C8A7EF63-6B67-4EB4-B365-7FB6C14241EC}
	EndProjectSection
EndProject
Project("{FAE04EC0-301F-11D3-BF4B-00C04F79EFBC}") = "DirectOutput-PinJuke", "src\DirectOutput-PinJuke\DirectOutput-PinJuke.csproj", "{C8A7EF63-6B67-4EB4-B365-7FB6C14241EC}"
EndProject
Project("{FAE04EC0-301F-11D3-BF4B-00C04F79EFBC}") = "PinJuke.Tests", "src\PinJuke.Tests\PinJuke.Tests.csproj", "{A9085230-FFA5-4384-A4A5-847566EF64E6}"
EndProject
Global
	GlobalSection(SolutionConfigurationPlatforms) = preSolution
		Debug|Any CPU = Debug|Any CPU
		Release|Any CPU = Release|Any CPU
	EndGlobalSection
	GlobalSection(ProjectConfigurationPlatforms) = postSolution
		{377FBAC6-2F9B-4DFD-AAF0-36F6320AD2C1}.Debug|Any CPU.ActiveCfg = Debug|Any CPU
		{377FBAC6-2F9B-4DFD-AAF0-36F6320AD2C1}.Debug|Any CPU.Build.0 = Debug|Any CPU
		{377FBAC6-2F9B-4DFD-AAF0-36F6320AD2C1}.Release|Any CPU.ActiveCfg = Release|Any CPU
		{377FBAC6-2F9B-4DFD-AAF0-36F6320AD2C1}.Release|Any CPU.Build.0 = Release|Any CPU
		{C8A7EF63-6B67-4EB4-B365-7FB6C14241EC}.Debug|Any CPU.ActiveCfg = Debug|Any CPU
		{C8A7EF63-6B67-4EB4-B365-7FB6C14241EC}.Debug|Any CPU.Build.0 = Debug|Any CPU
		{C8A7EF63-6B67-4EB4-B365-7FB6C14241EC}.Release|Any CPU.ActiveCfg = Release|Any CPU
		{C8A7EF63-6B67-4EB4-B365-7FB6C14241EC}.Release|Any CPU.Build.0 = Release|Any CPU
		{A9085230-FFA5-4384-A4A5-847566EF64E6}.Debug|Any CPU.ActiveCfg = Debug|Any CPU
		{A9085230-FFA5-4384-A4A5-847566EF64E6}.Debug|Any CPU.Build.0 = Debug|Any CPU
		{A9085230-FFA5-4384-A4A5-847566EF64E6}.Release|Any CPU.ActiveCfg = Release|Any CPU
		{A9085230-FFA5-4384-A4A5-847566EF64E6}.Release|Any CPU.Build.0 = Release|Any CPU
	EndGlobalSection
	GlobalSection(SolutionProperties) = preSolution
		HideSolutionNode = FALSE
	EndGlobalSection
	GlobalSection(ExtensibilityGlobals) = postSolution
		SolutionGuid = {C43F450D-60C7-4554-AD26-A0BF6F13F66F}
	EndGlobalSection
EndGlobal
